{
  "originHash" : "fdf29c3887f60b9d2a111bd1c50bf3a075ffdc0a60ae3b8c00e3acb690a4bc01",
  "pins" : [
    {
      "identity" : "chatlayout",
      "kind" : "remoteSourceControl",
      "location" : "https://github.com/ekazaev/ChatLayout",
      "state" : {
        "revision" : "cf01193e9d20d448d0005f563063924c667e4496",
        "version" : "2.4.3"
      }
    },
    {
      "identity" : "networkimage",
      "kind" : "remoteSourceControl",
      "location" : "https://github.com/gonzalezreal/NetworkImage",
      "state" : {
        "revision" : "2849f5323265386e200484b0d0f896e73c3411b9",
        "version" : "6.0.1"
      }
    },
    {
      "identity" : "swift-cmark",
      "kind" : "remoteSourceControl",
      "location" : "https://github.com/swiftlang/swift-cmark",
      "state" : {
        "revision" : "924936d0427cb25a61169739a7660230bffa6ea6",
        "version" : "0.8.0"
      }
    }
  ],
  "version" : 3
}
